
Microsoft Visual Studio Solution File, Format Version 12.00
# Visual Studio Version 17
VisualStudioVersion = 17.0.32112.339
MinimumVisualStudioVersion = 10.0.40219.1
Project("{FAE04EC0-301F-11D3-BF4B-00C04F79EFBC}") = "Harjoitus 3", "Harjoitus 3\Harjoitus 3.csproj", "{25D4357C-5EAD-431C-AA7C-BFAA3DCE75E4}"
EndProject
Global
	GlobalSection(SolutionConfigurationPlatforms) = preSolution
		Debug|Any CPU = Debug|Any CPU
		Release|Any CPU = Release|Any CPU
	EndGlobalSection
	GlobalSection(ProjectConfigurationPlatforms) = postSolution
		{25D4357C-5EAD-431C-AA7C-BFAA3DCE75E4}.Debug|Any CPU.ActiveCfg = Debug|Any CPU
		{25D4357C-5EAD-431C-AA7C-BFAA3DCE75E4}.Debug|Any CPU.Build.0 = Debug|Any CPU
		{25D4357C-5EAD-431C-AA7C-BFAA3DCE75E4}.Release|Any CPU.ActiveCfg = Release|Any CPU
		{25D4357C-5EAD-431C-AA7C-BFAA3DCE75E4}.Release|Any CPU.Build.0 = Release|Any CPU
	EndGlobalSection
	GlobalSection(SolutionProperties) = preSolution
		HideSolutionNode = FALSE
	EndGlobalSection
	GlobalSection(ExtensibilityGlobals) = postSolution
		SolutionGuid = {3D23C642-EB58-47CE-92A5-F56B1686AEA3}
	EndGlobalSection
EndGlobal
