
Microsoft Visual Studio Solution File, Format Version 12.00
# Visual Studio Version 17
VisualStudioVersion = 17.0.32112.339
MinimumVisualStudioVersion = 10.0.40219.1
Project("{FAE04EC0-301F-11D3-BF4B-00C04F79EFBC}") = "Harjoitus 4 KT", "Harjoitus 4 KT\Harjoitus 4 KT.csproj", "{3DF6E41F-D386-482C-BD47-20020191FC7F}"
EndProject
Global
	GlobalSection(SolutionConfigurationPlatforms) = preSolution
		Debug|Any CPU = Debug|Any CPU
		Release|Any CPU = Release|Any CPU
	EndGlobalSection
	GlobalSection(ProjectConfigurationPlatforms) = postSolution
		{3DF6E41F-D386-482C-BD47-20020191FC7F}.Debug|Any CPU.ActiveCfg = Debug|Any CPU
		{3DF6E41F-D386-482C-BD47-20020191FC7F}.Debug|Any CPU.Build.0 = Debug|Any CPU
		{3DF6E41F-D386-482C-BD47-20020191FC7F}.Release|Any CPU.ActiveCfg = Release|Any CPU
		{3DF6E41F-D386-482C-BD47-20020191FC7F}.Release|Any CPU.Build.0 = Release|Any CPU
	EndGlobalSection
	GlobalSection(SolutionProperties) = preSolution
		HideSolutionNode = FALSE
	EndGlobalSection
	GlobalSection(ExtensibilityGlobals) = postSolution
		SolutionGuid = {052D19EE-48C7-4CEF-926B-DD46152E723C}
	EndGlobalSection
EndGlobal
