
Microsoft Visual Studio Solution File, Format Version 12.00
# Visual Studio Version 17
VisualStudioVersion = 17.0.32112.339
MinimumVisualStudioVersion = 10.0.40219.1
Project("{FAE04EC0-301F-11D3-BF4B-00C04F79EFBC}") = "Harjoitus 21", "Harjoitus 21\Harjoitus 21.csproj", "{9550D26B-E652-448C-8B78-2BC18EF61569}"
EndProject
Global
	GlobalSection(SolutionConfigurationPlatforms) = preSolution
		Debug|Any CPU = Debug|Any CPU
		Release|Any CPU = Release|Any CPU
	EndGlobalSection
	GlobalSection(ProjectConfigurationPlatforms) = postSolution
		{9550D26B-E652-448C-8B78-2BC18EF61569}.Debug|Any CPU.ActiveCfg = Debug|Any CPU
		{9550D26B-E652-448C-8B78-2BC18EF61569}.Debug|Any CPU.Build.0 = Debug|Any CPU
		{9550D26B-E652-448C-8B78-2BC18EF61569}.Release|Any CPU.ActiveCfg = Release|Any CPU
		{9550D26B-E652-448C-8B78-2BC18EF61569}.Release|Any CPU.Build.0 = Release|Any CPU
	EndGlobalSection
	GlobalSection(SolutionProperties) = preSolution
		HideSolutionNode = FALSE
	EndGlobalSection
	GlobalSection(ExtensibilityGlobals) = postSolution
		SolutionGuid = {D52FE4E2-9FDE-4E6B-812F-26687D32B9DB}
	EndGlobalSection
EndGlobal
