
Microsoft Visual Studio Solution File, Format Version 12.00
# Visual Studio Version 17
VisualStudioVersion = 17.0.32112.339
MinimumVisualStudioVersion = 10.0.40219.1
Project("{FAE04EC0-301F-11D3-BF4B-00C04F79EFBC}") = "Harjoitus 15", "Harjoitus 15\Harjoitus 15.csproj", "{5BC10479-D4E2-4F4E-97E7-62523787445D}"
EndProject
Global
	GlobalSection(SolutionConfigurationPlatforms) = preSolution
		Debug|Any CPU = Debug|Any CPU
		Release|Any CPU = Release|Any CPU
	EndGlobalSection
	GlobalSection(ProjectConfigurationPlatforms) = postSolution
		{5BC10479-D4E2-4F4E-97E7-62523787445D}.Debug|Any CPU.ActiveCfg = Debug|Any CPU
		{5BC10479-D4E2-4F4E-97E7-62523787445D}.Debug|Any CPU.Build.0 = Debug|Any CPU
		{5BC10479-D4E2-4F4E-97E7-62523787445D}.Release|Any CPU.ActiveCfg = Release|Any CPU
		{5BC10479-D4E2-4F4E-97E7-62523787445D}.Release|Any CPU.Build.0 = Release|Any CPU
	EndGlobalSection
	GlobalSection(SolutionProperties) = preSolution
		HideSolutionNode = FALSE
	EndGlobalSection
	GlobalSection(ExtensibilityGlobals) = postSolution
		SolutionGuid = {786506F6-5A54-448E-BD7D-1AD48F768B16}
	EndGlobalSection
EndGlobal
