
Microsoft Visual Studio Solution File, Format Version 12.00
# Visual Studio Version 17
VisualStudioVersion = 17.0.32112.339
MinimumVisualStudioVersion = 10.0.40219.1
Project("{FAE04EC0-301F-11D3-BF4B-00C04F79EFBC}") = "Harjoitus 18", "Harjoitus 18\Harjoitus 18.csproj", "{92CD072C-AD70-4FB1-BC6C-FBE039C72F01}"
EndProject
Global
	GlobalSection(SolutionConfigurationPlatforms) = preSolution
		Debug|Any CPU = Debug|Any CPU
		Release|Any CPU = Release|Any CPU
	EndGlobalSection
	GlobalSection(ProjectConfigurationPlatforms) = postSolution
		{92CD072C-AD70-4FB1-BC6C-FBE039C72F01}.Debug|Any CPU.ActiveCfg = Debug|Any CPU
		{92CD072C-AD70-4FB1-BC6C-FBE039C72F01}.Debug|Any CPU.Build.0 = Debug|Any CPU
		{92CD072C-AD70-4FB1-BC6C-FBE039C72F01}.Release|Any CPU.ActiveCfg = Release|Any CPU
		{92CD072C-AD70-4FB1-BC6C-FBE039C72F01}.Release|Any CPU.Build.0 = Release|Any CPU
	EndGlobalSection
	GlobalSection(SolutionProperties) = preSolution
		HideSolutionNode = FALSE
	EndGlobalSection
	GlobalSection(ExtensibilityGlobals) = postSolution
		SolutionGuid = {9104ABB1-E81A-4483-B42F-A6B6241353F8}
	EndGlobalSection
EndGlobal
